
Microsoft Visual Studio Solution File, Format Version 9.00
# Visual Studio 2005
Project("{8BC9CEB8-8B4A-11D0-8D11-00A0C91BC942}") = "Gamepe", "Gamepe\Gamepe.vcproj", "{977F8714-73B5-422A-88F6-C8BCA14CED60}"
EndProject
Project("{B900F1C2-3D47-4FEC-85B3-04AAF18C3634}") = "XfMobile_setup", "XfMobile_setup\XfMobile_setup.vddproj", "{E0FCABB2-E1EA-423B-8C77-A50F874A6282}"
EndProject
Global
	GlobalSection(SolutionConfigurationPlatforms) = preSolution
		Debug|Windows Mobile 6 Professional SDK (ARMV4I) = Debug|Windows Mobile 6 Professional SDK (ARMV4I)
		Release|Windows Mobile 6 Professional SDK (ARMV4I) = Release|Windows Mobile 6 Professional SDK (ARMV4I)
	EndGlobalSection
	GlobalSection(ProjectConfigurationPlatforms) = postSolution
		{977F8714-73B5-422A-88F6-C8BCA14CED60}.Debug|Windows Mobile 6 Professional SDK (ARMV4I).ActiveCfg = Debug|Windows Mobile 6 Professional SDK (ARMV4I)
		{977F8714-73B5-422A-88F6-C8BCA14CED60}.Debug|Windows Mobile 6 Professional SDK (ARMV4I).Build.0 = Debug|Windows Mobile 6 Professional SDK (ARMV4I)
		{977F8714-73B5-422A-88F6-C8BCA14CED60}.Debug|Windows Mobile 6 Professional SDK (ARMV4I).Deploy.0 = Debug|Windows Mobile 6 Professional SDK (ARMV4I)
		{977F8714-73B5-422A-88F6-C8BCA14CED60}.Release|Windows Mobile 6 Professional SDK (ARMV4I).ActiveCfg = Release|Windows Mobile 6 Professional SDK (ARMV4I)
		{977F8714-73B5-422A-88F6-C8BCA14CED60}.Release|Windows Mobile 6 Professional SDK (ARMV4I).Build.0 = Release|Windows Mobile 6 Professional SDK (ARMV4I)
		{977F8714-73B5-422A-88F6-C8BCA14CED60}.Release|Windows Mobile 6 Professional SDK (ARMV4I).Deploy.0 = Release|Windows Mobile 6 Professional SDK (ARMV4I)
		{E0FCABB2-E1EA-423B-8C77-A50F874A6282}.Debug|Windows Mobile 6 Professional SDK (ARMV4I).ActiveCfg = Debug
		{E0FCABB2-E1EA-423B-8C77-A50F874A6282}.Release|Windows Mobile 6 Professional SDK (ARMV4I).ActiveCfg = Release
	EndGlobalSection
	GlobalSection(SolutionProperties) = preSolution
		HideSolutionNode = FALSE
	EndGlobalSection
EndGlobal
